# generated by rye
# use `rye lock` or `rye sync` to update this lockfile
#
# last locked with the following flags:
#   pre: false
#   features: []
#   all-features: false
#   with-sources: false

-e file:.
annotated-types==0.7.0
    # via pydantic
anyio==4.4.0
    # via httpx
appdirs==1.4.4
    # via cobra
arviz==0.18.0
    # via pymc
attrs==23.2.0
    # via cattrs
    # via lsprotocol
build==1.2.1
    # via pyroma
cachetools==5.3.3
    # via pymc
cattrs==23.2.3
    # via lsprotocol
    # via python-lsp-ruff
certifi==2024.6.2
    # via httpcore
    # via httpx
    # via requests
charset-normalizer==3.3.2
    # via requests
cloudpickle==3.0.0
    # via pymc
    # via syn-bmca
cobra==0.29.0
    # via emll
    # via syn-bmca
cons==0.4.6
    # via etuples
    # via minikanren
    # via pytensor
contourpy==1.2.1
    # via matplotlib
cycler==0.12.1
    # via matplotlib
cython==3.0.10
    # via emll
depinfo==2.2.0
    # via cobra
diskcache==5.6.3
    # via cobra
dm-tree==0.1.8
    # via arviz
docstring-to-markdown==0.15
    # via python-lsp-server
docutils==0.21.2
    # via pyroma
emll @ git+https://github.com/pnnl-predictive-phenomics/emll.git
    # via syn-bmca
etuples==0.3.9
    # via minikanren
    # via pytensor
fastprogress==1.0.3
    # via pymc
filelock==3.14.0
    # via pytensor
fonttools==4.53.0
    # via matplotlib
future==1.0.0
    # via cobra
h11==0.14.0
    # via httpcore
h5netcdf==1.3.0
    # via arviz
h5py==3.11.0
    # via h5netcdf
httpcore==1.0.5
    # via httpx
httpx==0.27.0
    # via cobra
idna==3.7
    # via anyio
    # via httpx
    # via requests
importlib-resources==6.4.0
    # via cobra
iniconfig==2.0.0
    # via pytest
isort==5.13.2
jedi==0.19.1
    # via python-lsp-server
kiwisolver==1.4.5
    # via matplotlib
logical-unification==0.4.6
    # via cons
    # via minikanren
    # via pytensor
lsprotocol==2023.0.1
    # via python-lsp-ruff
markdown-it-py==3.0.0
    # via rich
matplotlib==3.9.0
    # via arviz
    # via emll
    # via seaborn
mdurl==0.1.2
    # via markdown-it-py
minikanren==1.0.3
    # via pytensor
mpmath==1.3.0
    # via sympy
multipledispatch==1.0.0
    # via etuples
    # via logical-unification
    # via minikanren
mypy==1.10.0
    # via pylsp-mypy
mypy-extensions==1.0.0
    # via mypy
numpy==1.26.4
    # via arviz
    # via cobra
    # via contourpy
    # via emll
    # via h5py
    # via matplotlib
    # via pandas
    # via patsy
    # via pymc
    # via pytensor
    # via scipy
    # via seaborn
    # via syn-bmca
    # via xarray
    # via xarray-einstats
optlang==1.8.1
    # via cobra
packaging==24.0
    # via arviz
    # via build
    # via h5netcdf
    # via matplotlib
    # via pyroma
    # via pytest
    # via xarray
pandas==2.2.2
    # via arviz
    # via cobra
    # via emll
    # via pymc
    # via seaborn
    # via syn-bmca
    # via xarray
parso==0.8.4
    # via jedi
patsy==0.5.6
    # via emll
pillow==10.3.0
    # via matplotlib
pluggy==1.5.0
    # via pytest
    # via python-lsp-server
pydantic==2.7.3
    # via cobra
pydantic-core==2.18.4
    # via pydantic
pygments==2.18.0
    # via pyroma
    # via rich
pylsp-mypy==0.6.8
pymc==5.9.2
    # via emll
    # via syn-bmca
pyparsing==3.1.2
    # via matplotlib
pyproject-hooks==1.1.0
    # via build
pyroma==4.2
pytensor==2.17.4
    # via pymc
    # via syn-bmca
pytest==8.2.2
python-dateutil==2.9.0.post0
    # via matplotlib
    # via pandas
python-libsbml==5.20.2
    # via cobra
python-lsp-jsonrpc==1.1.2
    # via python-lsp-server
python-lsp-ruff==2.2.1
python-lsp-server==1.11.0
    # via pylsp-mypy
    # via python-lsp-ruff
pytz==2024.1
    # via pandas
requests==2.32.3
    # via pyroma
rich==13.7.1
    # via cobra
ruamel-yaml==0.18.6
    # via cobra
ruamel-yaml-clib==0.2.8
    # via ruamel-yaml
ruff==0.4.8
    # via python-lsp-ruff
scipy==1.13.1
    # via arviz
    # via emll
    # via pymc
    # via pytensor
    # via xarray-einstats
seaborn==0.13.2
    # via emll
six==1.16.0
    # via optlang
    # via patsy
    # via python-dateutil
sniffio==1.3.1
    # via anyio
    # via httpx
swiglpk==5.0.10
    # via cobra
    # via emll
    # via optlang
sympy==1.12.1
    # via optlang
tomli==2.0.1
    # via pylsp-mypy
toolz==0.12.1
    # via logical-unification
    # via minikanren
tqdm==4.66.4
    # via emll
trove-classifiers==2024.5.22
    # via pyroma
typing-extensions==4.12.1
    # via arviz
    # via mypy
    # via pydantic
    # via pydantic-core
    # via pymc
    # via pytensor
tzdata==2024.1
    # via pandas
ujson==5.10.0
    # via python-lsp-jsonrpc
    # via python-lsp-server
urllib3==2.2.1
    # via requests
xarray==2024.5.0
    # via arviz
    # via xarray-einstats
xarray-einstats==0.7.0
    # via arviz
setuptools==70.0.0
    # via arviz
    # via pyroma
    # via pytensor
